
Microsoft Visual Studio Solution File, Format Version 12.00
# Visual Studio 14
VisualStudioVersion = 14.0.25420.1
MinimumVisualStudioVersion = 10.0.40219.1
Project("{F2A71F9B-5D33-465A-A702-920D77279786}") = "FsGLFW3", "FsGLFW3\FsGLFW3.fsproj", "{642BE32A-CCA4-47AF-ABB8-B97F1169B4D8}"
EndProject
Project("{F2A71F9B-5D33-465A-A702-920D77279786}") = "Sample", "Sample\Sample.fsproj", "{45E5A591-5522-4BE6-AFC1-358B0465F9F8}"
EndProject
Global
	GlobalSection(SolutionConfigurationPlatforms) = preSolution
		Debug|Any CPU = Debug|Any CPU
		Debug-Win32|Any CPU = Debug-Win32|Any CPU
		Release|Any CPU = Release|Any CPU
		Release-Win32|Any CPU = Release-Win32|Any CPU
	EndGlobalSection
	GlobalSection(ProjectConfigurationPlatforms) = postSolution
		{642BE32A-CCA4-47AF-ABB8-B97F1169B4D8}.Debug|Any CPU.ActiveCfg = Debug-Win32|Any CPU
		{642BE32A-CCA4-47AF-ABB8-B97F1169B4D8}.Debug|Any CPU.Build.0 = Debug-Win32|Any CPU
		{642BE32A-CCA4-47AF-ABB8-B97F1169B4D8}.Debug-Win32|Any CPU.ActiveCfg = Debug-Win32|Any CPU
		{642BE32A-CCA4-47AF-ABB8-B97F1169B4D8}.Debug-Win32|Any CPU.Build.0 = Debug-Win32|Any CPU
		{642BE32A-CCA4-47AF-ABB8-B97F1169B4D8}.Release|Any CPU.ActiveCfg = Release-Win32|Any CPU
		{642BE32A-CCA4-47AF-ABB8-B97F1169B4D8}.Release|Any CPU.Build.0 = Release-Win32|Any CPU
		{642BE32A-CCA4-47AF-ABB8-B97F1169B4D8}.Release-Win32|Any CPU.ActiveCfg = Release-Win32|Any CPU
		{642BE32A-CCA4-47AF-ABB8-B97F1169B4D8}.Release-Win32|Any CPU.Build.0 = Release-Win32|Any CPU
		{45E5A591-5522-4BE6-AFC1-358B0465F9F8}.Debug|Any CPU.ActiveCfg = Debug|Any CPU
		{45E5A591-5522-4BE6-AFC1-358B0465F9F8}.Debug|Any CPU.Build.0 = Debug|Any CPU
		{45E5A591-5522-4BE6-AFC1-358B0465F9F8}.Debug-Win32|Any CPU.ActiveCfg = Debug|Any CPU
		{45E5A591-5522-4BE6-AFC1-358B0465F9F8}.Debug-Win32|Any CPU.Build.0 = Debug|Any CPU
		{45E5A591-5522-4BE6-AFC1-358B0465F9F8}.Release|Any CPU.ActiveCfg = Release|Any CPU
		{45E5A591-5522-4BE6-AFC1-358B0465F9F8}.Release|Any CPU.Build.0 = Release|Any CPU
		{45E5A591-5522-4BE6-AFC1-358B0465F9F8}.Release-Win32|Any CPU.ActiveCfg = Release|Any CPU
		{45E5A591-5522-4BE6-AFC1-358B0465F9F8}.Release-Win32|Any CPU.Build.0 = Release|Any CPU
	EndGlobalSection
	GlobalSection(SolutionProperties) = preSolution
		HideSolutionNode = FALSE
	EndGlobalSection
EndGlobal
