
Microsoft Visual Studio Solution File, Format Version 12.00
# Visual Studio 2012
Project("{f2a71f9b-5d33-465a-a702-920d77279786}") = "FsGlfw3", "FsGlfw3\FsGlfw3.fsproj", "{68CA5653-5FA9-41A3-91FE-30CB272D85F1}"
EndProject
Project("{f2a71f9b-5d33-465a-a702-920d77279786}") = "Sample", "Sample\Sample.fsproj", "{CC845248-D04B-4A95-B15F-2DA801BFA16D}"
EndProject
Global
	GlobalSection(SolutionConfigurationPlatforms) = preSolution
		Debug|Any CPU = Debug|Any CPU
		Release|Any CPU = Release|Any CPU
	EndGlobalSection
	GlobalSection(ProjectConfigurationPlatforms) = postSolution
		{68CA5653-5FA9-41A3-91FE-30CB272D85F1}.Debug|Any CPU.ActiveCfg = Debug|Any CPU
		{68CA5653-5FA9-41A3-91FE-30CB272D85F1}.Debug|Any CPU.Build.0 = Debug|Any CPU
		{68CA5653-5FA9-41A3-91FE-30CB272D85F1}.Release|Any CPU.ActiveCfg = Release|Any CPU
		{68CA5653-5FA9-41A3-91FE-30CB272D85F1}.Release|Any CPU.Build.0 = Release|Any CPU
		{CC845248-D04B-4A95-B15F-2DA801BFA16D}.Debug|Any CPU.ActiveCfg = Debug|Any CPU
		{CC845248-D04B-4A95-B15F-2DA801BFA16D}.Debug|Any CPU.Build.0 = Debug|Any CPU
		{CC845248-D04B-4A95-B15F-2DA801BFA16D}.Release|Any CPU.ActiveCfg = Release|Any CPU
		{CC845248-D04B-4A95-B15F-2DA801BFA16D}.Release|Any CPU.Build.0 = Release|Any CPU
	EndGlobalSection
EndGlobal
